# THIS IS AN AUTOGENERATED FILE. DO NOT EDIT THIS FILE DIRECTLY.
# yarn lockfile v1


goober@^2.0.15:
  version "2.0.35"
  resolved "https://registry.yarnpkg.com/goober/-/goober-2.0.35.tgz#c967e78f33964a1c290f70cb7aa9a6da37f7a55b"
  integrity sha512-800lO2kBZg2UEpGDST2Jsx8FDaEaSuEXBYV6HlmPBX4HPaDCM/qeMtHM20a7ZmGxDjHONx5+CUKPLYTrcf7Lwg==

react-hot-toast@^1.0.2:
  version "1.0.2"
  resolved "https://registry.yarnpkg.com/react-hot-toast/-/react-hot-toast-1.0.2.tgz#162f020ba7c0b20f2f25bb7738458c435e84107c"
  integrity sha512-wp89H0WA6EtiexAg5l3ys+WaZ3u0xM/FJWxl6YxR3hlquWhKvO9snBgTe4ATPEcgbS6pbc43RbuBINOkYOzA5A==
  dependencies:
    goober "^2.0.15"
